# This file is autogenerated, do not edit; changes may be undone by the next 'dep ensure'.


[[projects]]
  digest = "1:fae0b146aa07d0363e3bf8faf84a202cce8795010281e0aa44d83182694b9acb"
  name = "git.apache.org/thrift.git"
  packages = ["lib/go/thrift"]
  pruneopts = "UT"
  revision = "0dd823580c78a79ae9696eb9b3650e400fff140f"

[[projects]]
  digest = "1:d4484d5ea343882677abd9f42b100954f53e500c31e2e8945003ef84280c52a5"
  name = "github.com/Microsoft/go-winio"
  packages = ["."]
  pruneopts = "UT"
  revision = "a6d595ae73cf27a1b8fc32930668708f45ce1c85"
  version = "v0.4.9"

[[projects]]
  branch = "master"
  digest = "1:f0c40fd35e2749ca2a8eb2687d2405bf2adcc15a3508f9b0e4507f3c8573ea31"
  name = "github.com/kolide/osquery-go"
  packages = [
    ".",
    "gen/osquery",
    "plugin/table",
    "transport",
  ]
  pruneopts = "UT"
  revision = "0d2b07f57cb4def53a17a093662f80b862efbcca"

[[projects]]
  digest = "1:40e195917a951a8bf867cd05de2a46aaf1806c50cf92eebf4c16f78cd196f747"
  name = "github.com/pkg/errors"
  packages = ["."]
  pruneopts = "UT"
  revision = "645ef00459ed84a119197bfb8d8205042c6df63d"
  version = "v0.8.0"

[[projects]]
  branch = "master"
  digest = "1:cbf3da13bdb8fff0cea91ffc9ac5bb9211117315842c191511a72c58245f1416"
  name = "golang.org/x/sys"
  packages = ["windows"]
  pruneopts = "UT"
  revision = "2be389f392cd91df245b41638f818a1c041f0c08"

[solve-meta]
  analyzer-name = "dep"
  analyzer-version = 1
  input-imports = [
    "github.com/kolide/osquery-go",
    "github.com/kolide/osquery-go/plugin/table",
  ]
  solver-name = "gps-cdcl"
  solver-version = 1
